// !$*UTF8*$!
{
	archiveVersion = 1;
	classes = {
	};
	objectVersion = 46;
	objects = {

/* Begin PBXBuildFile section */
		65F380361D84254F00C4E05A /* main.m in Sources */ = {isa = PBXBuildFile; fileRef = 65F380351D84254F00C4E05A /* main.m */; };
		65F380391D84254F00C4E05A /* AppDelegate.m in Sources */ = {isa = PBXBuildFile; fileRef = 65F380381D84254F00C4E05A /* AppDelegate.m */; };
		65F3803C1D84254F00C4E05A /* ViewController.m in Sources */ = {isa = PBXBuildFile; fileRef = 65F3803B1D84254F00C4E05A /* ViewController.m */; };
		65F3803F1D84254F00C4E05A /* Main.storyboard in Resources */ = {isa = PBXBuildFile; fileRef = 65F3803D1D84254F00C4E05A /* Main.storyboard */; };
		65F380411D84254F00C4E05A /* Assets.xcassets in Resources */ = {isa = PBXBuildFile; fileRef = 65F380401D84254F00C4E05A /* Assets.xcassets */; };
		65F380441D84254F00C4E05A /* LaunchScreen.storyboard in Resources */ = {isa = PBXBuildFile; fileRef = 65F380421D84254F00C4E05A /* LaunchScreen.storyboard */; };
		65F3804C1D8425A600C4E05A /* libz.tbd in Frameworks */ = {isa = PBXBuildFile; fileRef = 65F3804B1D8425A600C4E05A /* libz.tbd */; };
		65F3804E1D8425AF00C4E05A /* AVFoundation.framework in Frameworks */ = {isa = PBXBuildFile; fileRef = 65F3804D1D8425AF00C4E05A /* AVFoundation.framework */; };
		65F380501D8425B700C4E05A /* SystemConfiguration.framework in Frameworks */ = {isa = PBXBuildFile; fileRef = 65F3804F1D8425B700C4E05A /* SystemConfiguration.framework */; };
		65F380521D8425C000C4E05A /* Foundation.framework in Frameworks */ = {isa = PBXBuildFile; fileRef = 65F380511D8425C000C4E05A /* Foundation.framework */; };
		65F380541D8425C800C4E05A /* CoreTelephony.framework in Frameworks */ = {isa = PBXBuildFile; fileRef = 65F380531D8425C800C4E05A /* CoreTelephony.framework */; };
		65F380561D8425D200C4E05A /* AudioToolbox.framework in Frameworks */ = {isa = PBXBuildFile; fileRef = 65F380551D8425D200C4E05A /* AudioToolbox.framework */; };
		65F380581D8425D900C4E05A /* UIKit.framework in Frameworks */ = {isa = PBXBuildFile; fileRef = 65F380571D8425D900C4E05A /* UIKit.framework */; };
		65F3805A1D8425E000C4E05A /* CoreLocation.framework in Frameworks */ = {isa = PBXBuildFile; fileRef = 65F380591D8425E000C4E05A /* CoreLocation.framework */; };
		65F3805C1D8425E700C4E05A /* AddressBook.framework in Frameworks */ = {isa = PBXBuildFile; fileRef = 65F3805B1D8425E700C4E05A /* AddressBook.framework */; };
		65F3805E1D8425EF00C4E05A /* QuartzCore.framework in Frameworks */ = {isa = PBXBuildFile; fileRef = 65F3805D1D8425EF00C4E05A /* QuartzCore.framework */; };
		65F380601D8425F800C4E05A /* CoreGraphics.framework in Frameworks */ = {isa = PBXBuildFile; fileRef = 65F3805F1D8425F800C4E05A /* CoreGraphics.framework */; };
		65F380621D84260200C4E05A /* libc++.tbd in Frameworks */ = {isa = PBXBuildFile; fileRef = 65F380611D84260200C4E05A /* libc++.tbd */; };
		65F380641D84263500C4E05A /* iflyMSC.framework in Frameworks */ = {isa = PBXBuildFile; fileRef = 65F380631D84263500C4E05A /* iflyMSC.framework */; };
		65F3806D1D8428A600C4E05A /* PcmPlayer.m in Sources */ = {isa = PBXBuildFile; fileRef = 65F380691D8428A600C4E05A /* PcmPlayer.m */; };
		65F3806E1D8428A600C4E05A /* TTSConfig.m in Sources */ = {isa = PBXBuildFile; fileRef = 65F3806C1D8428A600C4E05A /* TTSConfig.m */; };
		65F380731D8428B300C4E05A /* IATConfig.m in Sources */ = {isa = PBXBuildFile; fileRef = 65F380701D8428B300C4E05A /* IATConfig.m */; };
		65F380741D8428B300C4E05A /* ISRDataHelper.m in Sources */ = {isa = PBXBuildFile; fileRef = 65F380721D8428B300C4E05A /* ISRDataHelper.m */; };
		65F380771D8428C300C4E05A /* GCVoiceViewController.m in Sources */ = {isa = PBXBuildFile; fileRef = 65F380761D8428C300C4E05A /* GCVoiceViewController.m */; };
		65F380941D84292C00C4E05A /* Info.plist in Resources */ = {isa = PBXBuildFile; fileRef = 65F3807A1D84292C00C4E05A /* Info.plist */; };
		65F380951D84292C00C4E05A /* MASCompositeConstraint.m in Sources */ = {isa = PBXBuildFile; fileRef = 65F3807C1D84292C00C4E05A /* MASCompositeConstraint.m */; };
		65F380961D84292C00C4E05A /* MASConstraint.m in Sources */ = {isa = PBXBuildFile; fileRef = 65F3807F1D84292C00C4E05A /* MASConstraint.m */; };
		65F380971D84292C00C4E05A /* MASConstraintMaker.m in Sources */ = {isa = PBXBuildFile; fileRef = 65F380811D84292C00C4E05A /* MASConstraintMaker.m */; };
		65F380981D84292C00C4E05A /* MASLayoutConstraint.m in Sources */ = {isa = PBXBuildFile; fileRef = 65F380831D84292C00C4E05A /* MASLayoutConstraint.m */; };
		65F380991D84292C00C4E05A /* MASViewAttribute.m in Sources */ = {isa = PBXBuildFile; fileRef = 65F380871D84292C00C4E05A /* MASViewAttribute.m */; };
		65F3809A1D84292C00C4E05A /* MASViewConstraint.m in Sources */ = {isa = PBXBuildFile; fileRef = 65F380891D84292C00C4E05A /* MASViewConstraint.m */; };
		65F3809B1D84292C00C4E05A /* NSArray+MASAdditions.m in Sources */ = {isa = PBXBuildFile; fileRef = 65F3808B1D84292C00C4E05A /* NSArray+MASAdditions.m */; };
		65F3809C1D84292C00C4E05A /* NSLayoutConstraint+MASDebugAdditions.m in Sources */ = {isa = PBXBuildFile; fileRef = 65F3808E1D84292C00C4E05A /* NSLayoutConstraint+MASDebugAdditions.m */; };
		65F3809D1D84292C00C4E05A /* View+MASAdditions.m in Sources */ = {isa = PBXBuildFile; fileRef = 65F380901D84292C00C4E05A /* View+MASAdditions.m */; };
		65F3809E1D84292C00C4E05A /* ViewController+MASAdditions.m in Sources */ = {isa = PBXBuildFile; fileRef = 65F380931D84292C00C4E05A /* ViewController+MASAdditions.m */; };
/* End PBXBuildFile section */

/* Begin PBXFileReference section */
		65F380311D84254F00C4E05A /* GCVoice.app */ = {isa = PBXFileReference; explicitFileType = wrapper.application; includeInIndex = 0; path = GCVoice.app; sourceTree = BUILT_PRODUCTS_DIR; };
		65F380351D84254F00C4E05A /* main.m */ = {isa = PBXFileReference; lastKnownFileType = sourcecode.c.objc; path = main.m; sourceTree = "<group>"; };
		65F380371D84254F00C4E05A /* AppDelegate.h */ = {isa = PBXFileReference; lastKnownFileType = sourcecode.c.h; path = AppDelegate.h; sourceTree = "<group>"; };
		65F380381D84254F00C4E05A /* AppDelegate.m */ = {isa = PBXFileReference; lastKnownFileType = sourcecode.c.objc; path = AppDelegate.m; sourceTree = "<group>"; };
		65F3803A1D84254F00C4E05A /* ViewController.h */ = {isa = PBXFileReference; lastKnownFileType = sourcecode.c.h; path = ViewController.h; sourceTree = "<group>"; };
		65F3803B1D84254F00C4E05A /* ViewController.m */ = {isa = PBXFileReference; lastKnownFileType = sourcecode.c.objc; path = ViewController.m; sourceTree = "<group>"; };
		65F3803E1D84254F00C4E05A /* Base */ = {isa = PBXFileReference; lastKnownFileType = file.storyboard; name = Base; path = Base.lproj/Main.storyboard; sourceTree = "<group>"; };
		65F380401D84254F00C4E05A /* Assets.xcassets */ = {isa = PBXFileReference; lastKnownFileType = folder.assetcatalog; path = Assets.xcassets; sourceTree = "<group>"; };
		65F380431D84254F00C4E05A /* Base */ = {isa = PBXFileReference; lastKnownFileType = file.storyboard; name = Base; path = Base.lproj/LaunchScreen.storyboard; sourceTree = "<group>"; };
		65F380451D84254F00C4E05A /* Info.plist */ = {isa = PBXFileReference; lastKnownFileType = text.plist.xml; path = Info.plist; sourceTree = "<group>"; };
		65F3804B1D8425A600C4E05A /* libz.tbd */ = {isa = PBXFileReference; lastKnownFileType = "sourcecode.text-based-dylib-definition"; name = libz.tbd; path = usr/lib/libz.tbd; sourceTree = SDKROOT; };
		65F3804D1D8425AF00C4E05A /* AVFoundation.framework */ = {isa = PBXFileReference; lastKnownFileType = wrapper.framework; name = AVFoundation.framework; path = System/Library/Frameworks/AVFoundation.framework; sourceTree = SDKROOT; };
		65F3804F1D8425B700C4E05A /* SystemConfiguration.framework */ = {isa = PBXFileReference; lastKnownFileType = wrapper.framework; name = SystemConfiguration.framework; path = System/Library/Frameworks/SystemConfiguration.framework; sourceTree = SDKROOT; };
		65F380511D8425C000C4E05A /* Foundation.framework */ = {isa = PBXFileReference; lastKnownFileType = wrapper.framework; name = Foundation.framework; path = System/Library/Frameworks/Foundation.framework; sourceTree = SDKROOT; };
		65F380531D8425C800C4E05A /* CoreTelephony.framework */ = {isa = PBXFileReference; lastKnownFileType = wrapper.framework; name = CoreTelephony.framework; path = System/Library/Frameworks/CoreTelephony.framework; sourceTree = SDKROOT; };
		65F380551D8425D200C4E05A /* AudioToolbox.framework */ = {isa = PBXFileReference; lastKnownFileType = wrapper.framework; name = AudioToolbox.framework; path = System/Library/Frameworks/AudioToolbox.framework; sourceTree = SDKROOT; };
		65F380571D8425D900C4E05A /* UIKit.framework */ = {isa = PBXFileReference; lastKnownFileType = wrapper.framework; name = UIKit.framework; path = System/Library/Frameworks/UIKit.framework; sourceTree = SDKROOT; };
		65F380591D8425E000C4E05A /* CoreLocation.framework */ = {isa = PBXFileReference; lastKnownFileType = wrapper.framework; name = CoreLocation.framework; path = System/Library/Frameworks/CoreLocation.framework; sourceTree = SDKROOT; };
		65F3805B1D8425E700C4E05A /* AddressBook.framework */ = {isa = PBXFileReference; lastKnownFileType = wrapper.framework; name = AddressBook.framework; path = System/Library/Frameworks/AddressBook.framework; sourceTree = SDKROOT; };
		65F3805D1D8425EF00C4E05A /* QuartzCore.framework */ = {isa = PBXFileReference; lastKnownFileType = wrapper.framework; name = QuartzCore.framework; path = System/Library/Frameworks/QuartzCore.framework; sourceTree = SDKROOT; };
		65F3805F1D8425F800C4E05A /* CoreGraphics.framework */ = {isa = PBXFileReference; lastKnownFileType = wrapper.framework; name = CoreGraphics.framework; path = System/Library/Frameworks/CoreGraphics.framework; sourceTree = SDKROOT; };
		65F380611D84260200C4E05A /* libc++.tbd */ = {isa = PBXFileReference; lastKnownFileType = "sourcecode.text-based-dylib-definition"; name = "libc++.tbd"; path = "usr/lib/libc++.tbd"; sourceTree = SDKROOT; };
		65F380631D84263500C4E05A /* iflyMSC.framework */ = {isa = PBXFileReference; lastKnownFileType = wrapper.framework; path = iflyMSC.framework; sourceTree = "<group>"; };
		65F380681D8428A600C4E05A /* PcmPlayer.h */ = {isa = PBXFileReference; fileEncoding = 4; lastKnownFileType = sourcecode.c.h; path = PcmPlayer.h; sourceTree = "<group>"; };
		65F380691D8428A600C4E05A /* PcmPlayer.m */ = {isa = PBXFileReference; fileEncoding = 4; lastKnownFileType = sourcecode.c.objc; path = PcmPlayer.m; sourceTree = "<group>"; };
		65F3806A1D8428A600C4E05A /* PcmPlayerDelegate.h */ = {isa = PBXFileReference; fileEncoding = 4; lastKnownFileType = sourcecode.c.h; path = PcmPlayerDelegate.h; sourceTree = "<group>"; };
		65F3806B1D8428A600C4E05A /* TTSConfig.h */ = {isa = PBXFileReference; fileEncoding = 4; lastKnownFileType = sourcecode.c.h; path = TTSConfig.h; sourceTree = "<group>"; };
		65F3806C1D8428A600C4E05A /* TTSConfig.m */ = {isa = PBXFileReference; fileEncoding = 4; lastKnownFileType = sourcecode.c.objc; path = TTSConfig.m; sourceTree = "<group>"; };
		65F3806F1D8428B300C4E05A /* IATConfig.h */ = {isa = PBXFileReference; fileEncoding = 4; lastKnownFileType = sourcecode.c.h; path = IATConfig.h; sourceTree = "<group>"; };
		65F380701D8428B300C4E05A /* IATConfig.m */ = {isa = PBXFileReference; fileEncoding = 4; lastKnownFileType = sourcecode.c.objc; path = IATConfig.m; sourceTree = "<group>"; };
		65F380711D8428B300C4E05A /* ISRDataHelper.h */ = {isa = PBXFileReference; fileEncoding = 4; lastKnownFileType = sourcecode.c.h; path = ISRDataHelper.h; sourceTree = "<group>"; };
		65F380721D8428B300C4E05A /* ISRDataHelper.m */ = {isa = PBXFileReference; fileEncoding = 4; lastKnownFileType = sourcecode.c.objc; path = ISRDataHelper.m; sourceTree = "<group>"; };
		65F380751D8428C300C4E05A /* GCVoiceViewController.h */ = {isa = PBXFileReference; fileEncoding = 4; lastKnownFileType = sourcecode.c.h; path = GCVoiceViewController.h; sourceTree = "<group>"; };
		65F380761D8428C300C4E05A /* GCVoiceViewController.m */ = {isa = PBXFileReference; fileEncoding = 4; lastKnownFileType = sourcecode.c.objc; path = GCVoiceViewController.m; sourceTree = "<group>"; };
		65F380781D8428F100C4E05A /* PrefixHeader.pch */ = {isa = PBXFileReference; fileEncoding = 4; lastKnownFileType = sourcecode.c.h; path = PrefixHeader.pch; sourceTree = "<group>"; };
		65F3807A1D84292C00C4E05A /* Info.plist */ = {isa = PBXFileReference; fileEncoding = 4; lastKnownFileType = text.plist.xml; path = Info.plist; sourceTree = "<group>"; };
		65F3807B1D84292C00C4E05A /* MASCompositeConstraint.h */ = {isa = PBXFileReference; fileEncoding = 4; lastKnownFileType = sourcecode.c.h; path = MASCompositeConstraint.h; sourceTree = "<group>"; };
		65F3807C1D84292C00C4E05A /* MASCompositeConstraint.m */ = {isa = PBXFileReference; fileEncoding = 4; lastKnownFileType = sourcecode.c.objc; path = MASCompositeConstraint.m; sourceTree = "<group>"; };
		65F3807D1D84292C00C4E05A /* MASConstraint+Private.h */ = {isa = PBXFileReference; fileEncoding = 4; lastKnownFileType = sourcecode.c.h; path = "MASConstraint+Private.h"; sourceTree = "<group>"; };
		65F3807E1D84292C00C4E05A /* MASConstraint.h */ = {isa = PBXFileReference; fileEncoding = 4; lastKnownFileType = sourcecode.c.h; path = MASConstraint.h; sourceTree = "<group>"; };
		65F3807F1D84292C00C4E05A /* MASConstraint.m */ = {isa = PBXFileReference; fileEncoding = 4; lastKnownFileType = sourcecode.c.objc; path = MASConstraint.m; sourceTree = "<group>"; };
		65F380801D84292C00C4E05A /* MASConstraintMaker.h */ = {isa = PBXFileReference; fileEncoding = 4; lastKnownFileType = sourcecode.c.h; path = MASConstraintMaker.h; sourceTree = "<group>"; };
		65F380811D84292C00C4E05A /* MASConstraintMaker.m */ = {isa = PBXFileReference; fileEncoding = 4; lastKnownFileType = sourcecode.c.objc; path = MASConstraintMaker.m; sourceTree = "<group>"; };
		65F380821D84292C00C4E05A /* MASLayoutConstraint.h */ = {isa = PBXFileReference; fileEncoding = 4; lastKnownFileType = sourcecode.c.h; path = MASLayoutConstraint.h; sourceTree = "<group>"; };
		65F380831D84292C00C4E05A /* MASLayoutConstraint.m */ = {isa = PBXFileReference; fileEncoding = 4; lastKnownFileType = sourcecode.c.objc; path = MASLayoutConstraint.m; sourceTree = "<group>"; };
		65F380841D84292C00C4E05A /* Masonry.h */ = {isa = PBXFileReference; fileEncoding = 4; lastKnownFileType = sourcecode.c.h; path = Masonry.h; sourceTree = "<group>"; };
		65F380851D84292C00C4E05A /* MASUtilities.h */ = {isa = PBXFileReference; fileEncoding = 4; lastKnownFileType = sourcecode.c.h; path = MASUtilities.h; sourceTree = "<group>"; };
		65F380861D84292C00C4E05A /* MASViewAttribute.h */ = {isa = PBXFileReference; fileEncoding = 4; lastKnownFileType = sourcecode.c.h; path = MASViewAttribute.h; sourceTree = "<group>"; };
		65F380871D84292C00C4E05A /* MASViewAttribute.m */ = {isa = PBXFileReference; fileEncoding = 4; lastKnownFileType = sourcecode.c.objc; path = MASViewAttribute.m; sourceTree = "<group>"; };
		65F380881D84292C00C4E05A /* MASViewConstraint.h */ = {isa = PBXFileReference; fileEncoding = 4; lastKnownFileType = sourcecode.c.h; path = MASViewConstraint.h; sourceTree = "<group>"; };
		65F380891D84292C00C4E05A /* MASViewConstraint.m */ = {isa = PBXFileReference; fileEncoding = 4; lastKnownFileType = sourcecode.c.objc; path = MASViewConstraint.m; sourceTree = "<group>"; };
		65F3808A1D84292C00C4E05A /* NSArray+MASAdditions.h */ = {isa = PBXFileReference; fileEncoding = 4; lastKnownFileType = sourcecode.c.h; path = "NSArray+MASAdditions.h"; sourceTree = "<group>"; };
		65F3808B1D84292C00C4E05A /* NSArray+MASAdditions.m */ = {isa = PBXFileReference; fileEncoding = 4; lastKnownFileType = sourcecode.c.objc; path = "NSArray+MASAdditions.m"; sourceTree = "<group>"; };
		65F3808C1D84292C00C4E05A /* NSArray+MASShorthandAdditions.h */ = {isa = PBXFileReference; fileEncoding = 4; lastKnownFileType = sourcecode.c.h; path = "NSArray+MASShorthandAdditions.h"; sourceTree = "<group>"; };
		65F3808D1D84292C00C4E05A /* NSLayoutConstraint+MASDebugAdditions.h */ = {isa = PBXFileReference; fileEncoding = 4; lastKnownFileType = sourcecode.c.h; path = "NSLayoutConstraint+MASDebugAdditions.h"; sourceTree = "<group>"; };
		65F3808E1D84292C00C4E05A /* NSLayoutConstraint+MASDebugAdditions.m */ = {isa = PBXFileReference; fileEncoding = 4; lastKnownFileType = sourcecode.c.objc; path = "NSLayoutConstraint+MASDebugAdditions.m"; sourceTree = "<group>"; };
		65F3808F1D84292C00C4E05A /* View+MASAdditions.h */ = {isa = PBXFileReference; fileEncoding = 4; lastKnownFileType = sourcecode.c.h; path = "View+MASAdditions.h"; sourceTree = "<group>"; };
		65F380901D84292C00C4E05A /* View+MASAdditions.m */ = {isa = PBXFileReference; fileEncoding = 4; lastKnownFileType = sourcecode.c.objc; path = "View+MASAdditions.m"; sourceTree = "<group>"; };
		65F380911D84292C00C4E05A /* View+MASShorthandAdditions.h */ = {isa = PBXFileReference; fileEncoding = 4; lastKnownFileType = sourcecode.c.h; path = "View+MASShorthandAdditions.h"; sourceTree = "<group>"; };
		65F380921D84292C00C4E05A /* ViewController+MASAdditions.h */ = {isa = PBXFileReference; fileEncoding = 4; lastKnownFileType = sourcecode.c.h; path = "ViewController+MASAdditions.h"; sourceTree = "<group>"; };
		65F380931D84292C00C4E05A /* ViewController+MASAdditions.m */ = {isa = PBXFileReference; fileEncoding = 4; lastKnownFileType = sourcecode.c.objc; path = "ViewController+MASAdditions.m"; sourceTree = "<group>"; };
/* End PBXFileReference section */

/* Begin PBXFrameworksBuildPhase section */
		65F3802E1D84254F00C4E05A /* Frameworks */ = {
			isa = PBXFrameworksBuildPhase;
			buildActionMask = 2147483647;
			files = (
				65F380621D84260200C4E05A /* libc++.tbd in Frameworks */,
				65F380601D8425F800C4E05A /* CoreGraphics.framework in Frameworks */,
				65F3805E1D8425EF00C4E05A /* QuartzCore.framework in Frameworks */,
				65F3805C1D8425E700C4E05A /* AddressBook.framework in Frameworks */,
				65F3805A1D8425E000C4E05A /* CoreLocation.framework in Frameworks */,
				65F380581D8425D900C4E05A /* UIKit.framework in Frameworks */,
				65F380561D8425D200C4E05A /* AudioToolbox.framework in Frameworks */,
				65F380541D8425C800C4E05A /* CoreTelephony.framework in Frameworks */,
				65F380521D8425C000C4E05A /* Foundation.framework in Frameworks */,
				65F380501D8425B700C4E05A /* SystemConfiguration.framework in Frameworks */,
				65F3804E1D8425AF00C4E05A /* AVFoundation.framework in Frameworks */,
				65F3804C1D8425A600C4E05A /* libz.tbd in Frameworks */,
				65F380641D84263500C4E05A /* iflyMSC.framework in Frameworks */,
			);
			runOnlyForDeploymentPostprocessing = 0;
		};
/* End PBXFrameworksBuildPhase section */

/* Begin PBXGroup section */
		65F380281D84254F00C4E05A = {
			isa = PBXGroup;
			children = (
				65F380651D84265A00C4E05A /* framework */,
				65F380331D84254F00C4E05A /* GCVoice */,
				65F380321D84254F00C4E05A /* Products */,
			);
			sourceTree = "<group>";
		};
		65F380321D84254F00C4E05A /* Products */ = {
			isa = PBXGroup;
			children = (
				65F380311D84254F00C4E05A /* GCVoice.app */,
			);
			name = Products;
			sourceTree = "<group>";
		};
		65F380331D84254F00C4E05A /* GCVoice */ = {
			isa = PBXGroup;
			children = (
				65F380371D84254F00C4E05A /* AppDelegate.h */,
				65F380381D84254F00C4E05A /* AppDelegate.m */,
				65F380751D8428C300C4E05A /* GCVoiceViewController.h */,
				65F380761D8428C300C4E05A /* GCVoiceViewController.m */,
				65F380671D84288D00C4E05A /* 语音听写 */,
				65F380661D84287500C4E05A /* 语音合成 */,
				65F380791D84292C00C4E05A /* Masonry */,
				65F3809F1D84293400C4E05A /* Other */,
				65F380341D84254F00C4E05A /* Supporting Files */,
			);
			path = GCVoice;
			sourceTree = "<group>";
		};
		65F380341D84254F00C4E05A /* Supporting Files */ = {
			isa = PBXGroup;
			children = (
				65F380351D84254F00C4E05A /* main.m */,
			);
			name = "Supporting Files";
			sourceTree = "<group>";
		};
		65F380651D84265A00C4E05A /* framework */ = {
			isa = PBXGroup;
			children = (
				65F380631D84263500C4E05A /* iflyMSC.framework */,
				65F380611D84260200C4E05A /* libc++.tbd */,
				65F3805F1D8425F800C4E05A /* CoreGraphics.framework */,
				65F3805D1D8425EF00C4E05A /* QuartzCore.framework */,
				65F3805B1D8425E700C4E05A /* AddressBook.framework */,
				65F380591D8425E000C4E05A /* CoreLocation.framework */,
				65F380571D8425D900C4E05A /* UIKit.framework */,
				65F380551D8425D200C4E05A /* AudioToolbox.framework */,
				65F380531D8425C800C4E05A /* CoreTelephony.framework */,
				65F380511D8425C000C4E05A /* Foundation.framework */,
				65F3804F1D8425B700C4E05A /* SystemConfiguration.framework */,
				65F3804D1D8425AF00C4E05A /* AVFoundation.framework */,
				65F3804B1D8425A600C4E05A /* libz.tbd */,
			);
			name = framework;
			sourceTree = "<group>";
		};
		65F380661D84287500C4E05A /* 语音合成 */ = {
			isa = PBXGroup;
			children = (
				65F380681D8428A600C4E05A /* PcmPlayer.h */,
				65F380691D8428A600C4E05A /* PcmPlayer.m */,
				65F3806A1D8428A600C4E05A /* PcmPlayerDelegate.h */,
				65F3806B1D8428A600C4E05A /* TTSConfig.h */,
				65F3806C1D8428A600C4E05A /* TTSConfig.m */,
			);
			name = "语音合成";
			sourceTree = "<group>";
		};
		65F380671D84288D00C4E05A /* 语音听写 */ = {
			isa = PBXGroup;
			children = (
				65F3806F1D8428B300C4E05A /* IATConfig.h */,
				65F380701D8428B300C4E05A /* IATConfig.m */,
				65F380711D8428B300C4E05A /* ISRDataHelper.h */,
				65F380721D8428B300C4E05A /* ISRDataHelper.m */,
			);
			name = "语音听写";
			sourceTree = "<group>";
		};
		65F380791D84292C00C4E05A /* Masonry */ = {
			isa = PBXGroup;
			children = (
				65F3807A1D84292C00C4E05A /* Info.plist */,
				65F3807B1D84292C00C4E05A /* MASCompositeConstraint.h */,
				65F3807C1D84292C00C4E05A /* MASCompositeConstraint.m */,
				65F3807D1D84292C00C4E05A /* MASConstraint+Private.h */,
				65F3807E1D84292C00C4E05A /* MASConstraint.h */,
				65F3807F1D84292C00C4E05A /* MASConstraint.m */,
				65F380801D84292C00C4E05A /* MASConstraintMaker.h */,
				65F380811D84292C00C4E05A /* MASConstraintMaker.m */,
				65F380821D84292C00C4E05A /* MASLayoutConstraint.h */,
				65F380831D84292C00C4E05A /* MASLayoutConstraint.m */,
				65F380841D84292C00C4E05A /* Masonry.h */,
				65F380851D84292C00C4E05A /* MASUtilities.h */,
				65F380861D84292C00C4E05A /* MASViewAttribute.h */,
				65F380871D84292C00C4E05A /* MASViewAttribute.m */,
				65F380881D84292C00C4E05A /* MASViewConstraint.h */,
				65F380891D84292C00C4E05A /* MASViewConstraint.m */,
				65F3808A1D84292C00C4E05A /* NSArray+MASAdditions.h */,
				65F3808B1D84292C00C4E05A /* NSArray+MASAdditions.m */,
				65F3808C1D84292C00C4E05A /* NSArray+MASShorthandAdditions.h */,
				65F3808D1D84292C00C4E05A /* NSLayoutConstraint+MASDebugAdditions.h */,
				65F3808E1D84292C00C4E05A /* NSLayoutConstraint+MASDebugAdditions.m */,
				65F3808F1D84292C00C4E05A /* View+MASAdditions.h */,
				65F380901D84292C00C4E05A /* View+MASAdditions.m */,
				65F380911D84292C00C4E05A /* View+MASShorthandAdditions.h */,
				65F380921D84292C00C4E05A /* ViewController+MASAdditions.h */,
				65F380931D84292C00C4E05A /* ViewController+MASAdditions.m */,
			);
			path = Masonry;
			sourceTree = "<group>";
		};
		65F3809F1D84293400C4E05A /* Other */ = {
			isa = PBXGroup;
			children = (
				65F3803D1D84254F00C4E05A /* Main.storyboard */,
				65F380401D84254F00C4E05A /* Assets.xcassets */,
				65F380421D84254F00C4E05A /* LaunchScreen.storyboard */,
				65F380451D84254F00C4E05A /* Info.plist */,
				65F380781D8428F100C4E05A /* PrefixHeader.pch */,
				65F3803A1D84254F00C4E05A /* ViewController.h */,
				65F3803B1D84254F00C4E05A /* ViewController.m */,
			);
			name = Other;
			sourceTree = "<group>";
		};
/* End PBXGroup section */

/* Begin PBXNativeTarget section */
		65F380301D84254F00C4E05A /* GCVoice */ = {
			isa = PBXNativeTarget;
			buildConfigurationList = 65F380481D84254F00C4E05A /* Build configuration list for PBXNativeTarget "GCVoice" */;
			buildPhases = (
				65F3802D1D84254F00C4E05A /* Sources */,
				65F3802E1D84254F00C4E05A /* Frameworks */,
				65F3802F1D84254F00C4E05A /* Resources */,
			);
			buildRules = (
			);
			dependencies = (
			);
			name = GCVoice;
			productName = GCVoice;
			productReference = 65F380311D84254F00C4E05A /* GCVoice.app */;
			productType = "com.apple.product-type.application";
		};
/* End PBXNativeTarget section */

/* Begin PBXProject section */
		65F380291D84254F00C4E05A /* Project object */ = {
			isa = PBXProject;
			attributes = {
				LastUpgradeCheck = 0720;
				ORGANIZATIONNAME = Geeks_Chen;
				TargetAttributes = {
					65F380301D84254F00C4E05A = {
						CreatedOnToolsVersion = 7.2;
					};
				};
			};
			buildConfigurationList = 65F3802C1D84254F00C4E05A /* Build configuration list for PBXProject "GCVoice" */;
			compatibilityVersion = "Xcode 3.2";
			developmentRegion = English;
			hasScannedForEncodings = 0;
			knownRegions = (
				en,
				Base,
			);
			mainGroup = 65F380281D84254F00C4E05A;
			productRefGroup = 65F380321D84254F00C4E05A /* Products */;
			projectDirPath = "";
			projectRoot = "";
			targets = (
				65F380301D84254F00C4E05A /* GCVoice */,
			);
		};
/* End PBXProject section */

/* Begin PBXResourcesBuildPhase section */
		65F3802F1D84254F00C4E05A /* Resources */ = {
			isa = PBXResourcesBuildPhase;
			buildActionMask = 2147483647;
			files = (
				65F380941D84292C00C4E05A /* Info.plist in Resources */,
				65F380441D84254F00C4E05A /* LaunchScreen.storyboard in Resources */,
				65F380411D84254F00C4E05A /* Assets.xcassets in Resources */,
				65F3803F1D84254F00C4E05A /* Main.storyboard in Resources */,
			);
			runOnlyForDeploymentPostprocessing = 0;
		};
/* End PBXResourcesBuildPhase section */

/* Begin PBXSourcesBuildPhase section */
		65F3802D1D84254F00C4E05A /* Sources */ = {
			isa = PBXSourcesBuildPhase;
			buildActionMask = 2147483647;
			files = (
				65F380741D8428B300C4E05A /* ISRDataHelper.m in Sources */,
				65F380771D8428C300C4E05A /* GCVoiceViewController.m in Sources */,
				65F3809B1D84292C00C4E05A /* NSArray+MASAdditions.m in Sources */,
				65F380731D8428B300C4E05A /* IATConfig.m in Sources */,
				65F3803C1D84254F00C4E05A /* ViewController.m in Sources */,
				65F3809D1D84292C00C4E05A /* View+MASAdditions.m in Sources */,
				65F380981D84292C00C4E05A /* MASLayoutConstraint.m in Sources */,
				65F380961D84292C00C4E05A /* MASConstraint.m in Sources */,
				65F3809C1D84292C00C4E05A /* NSLayoutConstraint+MASDebugAdditions.m in Sources */,
				65F380951D84292C00C4E05A /* MASCompositeConstraint.m in Sources */,
				65F380391D84254F00C4E05A /* AppDelegate.m in Sources */,
				65F380361D84254F00C4E05A /* main.m in Sources */,
				65F3806D1D8428A600C4E05A /* PcmPlayer.m in Sources */,
				65F380971D84292C00C4E05A /* MASConstraintMaker.m in Sources */,
				65F3809E1D84292C00C4E05A /* ViewController+MASAdditions.m in Sources */,
				65F3809A1D84292C00C4E05A /* MASViewConstraint.m in Sources */,
				65F3806E1D8428A600C4E05A /* TTSConfig.m in Sources */,
				65F380991D84292C00C4E05A /* MASViewAttribute.m in Sources */,
			);
			runOnlyForDeploymentPostprocessing = 0;
		};
/* End PBXSourcesBuildPhase section */

/* Begin PBXVariantGroup section */
		65F3803D1D84254F00C4E05A /* Main.storyboard */ = {
			isa = PBXVariantGroup;
			children = (
				65F3803E1D84254F00C4E05A /* Base */,
			);
			name = Main.storyboard;
			sourceTree = "<group>";
		};
		65F380421D84254F00C4E05A /* LaunchScreen.storyboard */ = {
			isa = PBXVariantGroup;
			children = (
				65F380431D84254F00C4E05A /* Base */,
			);
			name = LaunchScreen.storyboard;
			sourceTree = "<group>";
		};
/* End PBXVariantGroup section */

/* Begin XCBuildConfiguration section */
		65F380461D84254F00C4E05A /* Debug */ = {
			isa = XCBuildConfiguration;
			buildSettings = {
				ALWAYS_SEARCH_USER_PATHS = NO;
				CLANG_CXX_LANGUAGE_STANDARD = "gnu++0x";
				CLANG_CXX_LIBRARY = "libc++";
				CLANG_ENABLE_MODULES = YES;
				CLANG_ENABLE_OBJC_ARC = YES;
				CLANG_WARN_BOOL_CONVERSION = YES;
				CLANG_WARN_CONSTANT_CONVERSION = YES;
				CLANG_WARN_DIRECT_OBJC_ISA_USAGE = YES_ERROR;
				CLANG_WARN_EMPTY_BODY = YES;
				CLANG_WARN_ENUM_CONVERSION = YES;
				CLANG_WARN_INT_CONVERSION = YES;
				CLANG_WARN_OBJC_ROOT_CLASS = YES_ERROR;
				CLANG_WARN_UNREACHABLE_CODE = YES;
				CLANG_WARN__DUPLICATE_METHOD_MATCH = YES;
				"CODE_SIGN_IDENTITY[sdk=iphoneos*]" = "iPhone Developer";
				COPY_PHASE_STRIP = NO;
				DEBUG_INFORMATION_FORMAT = dwarf;
				ENABLE_STRICT_OBJC_MSGSEND = YES;
				ENABLE_TESTABILITY = YES;
				GCC_C_LANGUAGE_STANDARD = gnu99;
				GCC_DYNAMIC_NO_PIC = NO;
				GCC_NO_COMMON_BLOCKS = YES;
				GCC_OPTIMIZATION_LEVEL = 0;
				GCC_PREPROCESSOR_DEFINITIONS = (
					"DEBUG=1",
					"$(inherited)",
				);
				GCC_WARN_64_TO_32_BIT_CONVERSION = YES;
				GCC_WARN_ABOUT_RETURN_TYPE = YES_ERROR;
				GCC_WARN_UNDECLARED_SELECTOR = YES;
				GCC_WARN_UNINITIALIZED_AUTOS = YES_AGGRESSIVE;
				GCC_WARN_UNUSED_FUNCTION = YES;
				GCC_WARN_UNUSED_VARIABLE = YES;
				IPHONEOS_DEPLOYMENT_TARGET = 9.2;
				MTL_ENABLE_DEBUG_INFO = YES;
				ONLY_ACTIVE_ARCH = YES;
				SDKROOT = iphoneos;
			};
			name = Debug;
		};
		65F380471D84254F00C4E05A /* Release */ = {
			isa = XCBuildConfiguration;
			buildSettings = {
				ALWAYS_SEARCH_USER_PATHS = NO;
				CLANG_CXX_LANGUAGE_STANDARD = "gnu++0x";
				CLANG_CXX_LIBRARY = "libc++";
				CLANG_ENABLE_MODULES = YES;
				CLANG_ENABLE_OBJC_ARC = YES;
				CLANG_WARN_BOOL_CONVERSION = YES;
				CLANG_WARN_CONSTANT_CONVERSION = YES;
				CLANG_WARN_DIRECT_OBJC_ISA_USAGE = YES_ERROR;
				CLANG_WARN_EMPTY_BODY = YES;
				CLANG_WARN_ENUM_CONVERSION = YES;
				CLANG_WARN_INT_CONVERSION = YES;
				CLANG_WARN_OBJC_ROOT_CLASS = YES_ERROR;
				CLANG_WARN_UNREACHABLE_CODE = YES;
				CLANG_WARN__DUPLICATE_METHOD_MATCH = YES;
				"CODE_SIGN_IDENTITY[sdk=iphoneos*]" = "iPhone Developer";
				COPY_PHASE_STRIP = NO;
				DEBUG_INFORMATION_FORMAT = "dwarf-with-dsym";
				ENABLE_NS_ASSERTIONS = NO;
				ENABLE_STRICT_OBJC_MSGSEND = YES;
				GCC_C_LANGUAGE_STANDARD = gnu99;
				GCC_NO_COMMON_BLOCKS = YES;
				GCC_WARN_64_TO_32_BIT_CONVERSION = YES;
				GCC_WARN_ABOUT_RETURN_TYPE = YES_ERROR;
				GCC_WARN_UNDECLARED_SELECTOR = YES;
				GCC_WARN_UNINITIALIZED_AUTOS = YES_AGGRESSIVE;
				GCC_WARN_UNUSED_FUNCTION = YES;
				GCC_WARN_UNUSED_VARIABLE = YES;
				IPHONEOS_DEPLOYMENT_TARGET = 9.2;
				MTL_ENABLE_DEBUG_INFO = NO;
				SDKROOT = iphoneos;
				VALIDATE_PRODUCT = YES;
			};
			name = Release;
		};
		65F380491D84254F00C4E05A /* Debug */ = {
			isa = XCBuildConfiguration;
			buildSettings = {
				ASSETCATALOG_COMPILER_APPICON_NAME = AppIcon;
				ENABLE_BITCODE = NO;
				FRAMEWORK_SEARCH_PATHS = (
					"$(inherited)",
					"$(PROJECT_DIR)",
				);
				INFOPLIST_FILE = GCVoice/Info.plist;
				LD_RUNPATH_SEARCH_PATHS = "$(inherited) @executable_path/Frameworks";
				PRODUCT_BUNDLE_IDENTIFIER = com.mksdy.GCVoice;
				PRODUCT_NAME = "$(TARGET_NAME)";
			};
			name = Debug;
		};
		65F3804A1D84254F00C4E05A /* Release */ = {
			isa = XCBuildConfiguration;
			buildSettings = {
				ASSETCATALOG_COMPILER_APPICON_NAME = AppIcon;
				ENABLE_BITCODE = NO;
				FRAMEWORK_SEARCH_PATHS = (
					"$(inherited)",
					"$(PROJECT_DIR)",
				);
				INFOPLIST_FILE = GCVoice/Info.plist;
				LD_RUNPATH_SEARCH_PATHS = "$(inherited) @executable_path/Frameworks";
				PRODUCT_BUNDLE_IDENTIFIER = com.mksdy.GCVoice;
				PRODUCT_NAME = "$(TARGET_NAME)";
			};
			name = Release;
		};
/* End XCBuildConfiguration section */

/* Begin XCConfigurationList section */
		65F3802C1D84254F00C4E05A /* Build configuration list for PBXProject "GCVoice" */ = {
			isa = XCConfigurationList;
			buildConfigurations = (
				65F380461D84254F00C4E05A /* Debug */,
				65F380471D84254F00C4E05A /* Release */,
			);
			defaultConfigurationIsVisible = 0;
			defaultConfigurationName = Release;
		};
		65F380481D84254F00C4E05A /* Build configuration list for PBXNativeTarget "GCVoice" */ = {
			isa = XCConfigurationList;
			buildConfigurations = (
				65F380491D84254F00C4E05A /* Debug */,
				65F3804A1D84254F00C4E05A /* Release */,
			);
			defaultConfigurationIsVisible = 0;
			defaultConfigurationName = Release;
		};
/* End XCConfigurationList section */
	};
	rootObject = 65F380291D84254F00C4E05A /* Project object */;
}
